
Microsoft Visual Studio Solution File, Format Version 12.00
# Visual Studio Version 17
VisualStudioVersion = 17.0.31903.59
MinimumVisualStudioVersion = 10.0.40219.1
Project("{FAE04EC0-301F-11D3-BF4B-00C04F79EFBC}") = "LastChristmas.Core", "LastChristmas.Core\LastChristmas.Core.csproj", "{FB63A664-9F0C-48FD-8DF9-BA73DDACE800}"
EndProject
Project("{FAE04EC0-301F-11D3-BF4B-00C04F79EFBC}") = "LastChristmas.Core.Test", "LastChristmas.Core.Test\LastChristmas.Core.Test.csproj", "{94F6E33D-7565-4E12-9A2F-F783796632D2}"
EndProject
Project("{FAE04EC0-301F-11D3-BF4B-00C04F79EFBC}") = "LastChristmas.Console", "LastChristmas.Console\LastChristmas.Console.csproj", "{16978B4A-E74C-4029-A0D4-2E5963DD61B9}"
EndProject
Global
	GlobalSection(SolutionConfigurationPlatforms) = preSolution
		Debug|Any CPU = Debug|Any CPU
		Release|Any CPU = Release|Any CPU
	EndGlobalSection
	GlobalSection(SolutionProperties) = preSolution
		HideSolutionNode = FALSE
	EndGlobalSection
	GlobalSection(ProjectConfigurationPlatforms) = postSolution
		{FB63A664-9F0C-48FD-8DF9-BA73DDACE800}.Debug|Any CPU.ActiveCfg = Debug|Any CPU
		{FB63A664-9F0C-48FD-8DF9-BA73DDACE800}.Debug|Any CPU.Build.0 = Debug|Any CPU
		{FB63A664-9F0C-48FD-8DF9-BA73DDACE800}.Release|Any CPU.ActiveCfg = Release|Any CPU
		{FB63A664-9F0C-48FD-8DF9-BA73DDACE800}.Release|Any CPU.Build.0 = Release|Any CPU
		{94F6E33D-7565-4E12-9A2F-F783796632D2}.Debug|Any CPU.ActiveCfg = Debug|Any CPU
		{94F6E33D-7565-4E12-9A2F-F783796632D2}.Debug|Any CPU.Build.0 = Debug|Any CPU
		{94F6E33D-7565-4E12-9A2F-F783796632D2}.Release|Any CPU.ActiveCfg = Release|Any CPU
		{94F6E33D-7565-4E12-9A2F-F783796632D2}.Release|Any CPU.Build.0 = Release|Any CPU
		{16978B4A-E74C-4029-A0D4-2E5963DD61B9}.Debug|Any CPU.ActiveCfg = Debug|Any CPU
		{16978B4A-E74C-4029-A0D4-2E5963DD61B9}.Debug|Any CPU.Build.0 = Debug|Any CPU
		{16978B4A-E74C-4029-A0D4-2E5963DD61B9}.Release|Any CPU.ActiveCfg = Release|Any CPU
		{16978B4A-E74C-4029-A0D4-2E5963DD61B9}.Release|Any CPU.Build.0 = Release|Any CPU
	EndGlobalSection
EndGlobal
